PODS:
  - FluentSwift (1.0.0)
  - Hero (0.3.6)
  - YetAnotherAnimationLibrary (1.1.0)
  - Yoga (1.5.0)

DEPENDENCIES:
  - FluentSwift (from `https://github.com/thanhtrdang/FluentSwift.git`)
  - Hero (from `https://github.com/lkzhao/Hero.git`)
  - YetAnotherAnimationLibrary
  - Yoga

EXTERNAL SOURCES:
  FluentSwift:
    :git: https://github.com/thanhtrdang/FluentSwift.git
  Hero:
    :git: https://github.com/lkzhao/Hero.git

CHECKOUT OPTIONS:
  FluentSwift:
    :commit: 090b99f8ef28d4295137af2556266b7f825f2cf6
    :git: https://github.com/thanhtrdang/FluentSwift.git
  Hero:
    :commit: e84209f3538bac93897b132e9af59728bece2e82
    :git: https://github.com/lkzhao/Hero.git

SPEC CHECKSUMS:
  FluentSwift: cf00b12f3bdb1ce06cc6858651795adb3fbde7f9
  Hero: 772f4ff71e757e94d88a7bc38fc66eb8bd0a9c0d
  YetAnotherAnimationLibrary: e499e262c031c6b1f05809cd9f5e2eeb5282f5a5
  Yoga: 6c3e934140e85babb68d17f85e1363d7d3b023c6

PODFILE CHECKSUM: d99c28b84e16fc92f3c9ea2a3c3c405e7cd92202

COCOAPODS: 1.2.1
