PODS:
  - FluentSwift (1.0.0)
  - Hero (0.3.6)
  - SteviaLayout (3.1.3)
  - Yoga (1.5.0)

DEPENDENCIES:
  - FluentSwift (from `https://github.com/thanhtrdang/FluentSwift.git`)
  - Hero (from `https://github.com/lkzhao/Hero.git`)
  - SteviaLayout (from `https://github.com/freshOS/Stevia.git`)
  - Yoga

EXTERNAL SOURCES:
  FluentSwift:
    :git: https://github.com/thanhtrdang/FluentSwift.git
  Hero:
    :git: https://github.com/lkzhao/Hero.git
  SteviaLayout:
    :git: https://github.com/freshOS/Stevia.git

CHECKOUT OPTIONS:
  FluentSwift:
    :commit: 090b99f8ef28d4295137af2556266b7f825f2cf6
    :git: https://github.com/thanhtrdang/FluentSwift.git
  Hero:
    :commit: e84209f3538bac93897b132e9af59728bece2e82
    :git: https://github.com/lkzhao/Hero.git
  SteviaLayout:
    :commit: 3076a3a33dc5186ee2e530cf4108a4ed57435b23
    :git: https://github.com/freshOS/Stevia.git

SPEC CHECKSUMS:
  FluentSwift: cf00b12f3bdb1ce06cc6858651795adb3fbde7f9
  Hero: 772f4ff71e757e94d88a7bc38fc66eb8bd0a9c0d
  SteviaLayout: d0b9f89dae2d13df054fb0a751b952f4659faaf5
  Yoga: 6c3e934140e85babb68d17f85e1363d7d3b023c6

PODFILE CHECKSUM: bb231d6f54e110df8ac7d8201fe057a83286d153

COCOAPODS: 1.2.1
